# This file is automatically @generated by Cargo.
# It is not intended for manual editing.
version = 3

[[package]]
name = "ac-ffmpeg"
version = "0.17.4"
source = "registry+https://github.com/rust-lang/crates.io-index"
checksum = "d6c84aa511f4de0d0be5f78b1d3fc6b76d191d4dd89a451a1f692ad42699fd08"
dependencies = [
 "cc",
 "lazy_static",
 "pkg-config",
]

[[package]]
name = "anyhow"
version = "1.0.62"
source = "registry+https://github.com/rust-lang/crates.io-index"
checksum = "1485d4d2cc45e7b201ee3767015c96faa5904387c9d87c6efdd0fb511f12d305"

[[package]]
name = "audiopus"
version = "0.2.0"
source = "registry+https://github.com/rust-lang/crates.io-index"
checksum = "3743519567e9135cf6f9f1a509851cb0c8e4cb9d66feb286668afb1923bec458"
dependencies = [
 "audiopus_sys",
]

[[package]]
name = "audiopus_sys"
version = "0.1.8"
source = "registry+https://github.com/rust-lang/crates.io-index"
checksum = "927791de46f70facea982dbfaf19719a41ce6064443403be631a85de6a58fff9"
dependencies = [
 "log",
 "pkg-config",
]

[[package]]
name = "cc"
version = "1.0.73"
source = "registry+https://github.com/rust-lang/crates.io-index"
checksum = "2fff2a6927b3bb87f9595d67196a70493f627687a71d87a0d692242c33f58c11"

[[package]]
name = "cfg-if"
version = "1.0.0"
source = "registry+https://github.com/rust-lang/crates.io-index"
checksum = "baf1de4339761588bc0619e3cbc0120ee582ebb74b53b4efbf79117bd2da40fd"

[[package]]
name = "env-libvpx-sys"
version = "5.1.2"
source = "registry+https://github.com/rust-lang/crates.io-index"
checksum = "cb3fc98d054ddbf6de8dbc1a33053c5830a3e515a33dde3cac840bfad583d230"
dependencies = [
 "pkg-config",
]

[[package]]
name = "lazy_static"
version = "1.4.0"
source = "registry+https://github.com/rust-lang/crates.io-index"
checksum = "e2abad23fbc42b3700f2f279844dc832adb2b2eb069b2df918f455c4e18cc646"

[[package]]
name = "log"
version = "0.4.17"
source = "registry+https://github.com/rust-lang/crates.io-index"
checksum = "abb12e687cfb44aa40f41fc3978ef76448f9b6038cad6aef4259d3c095a2382e"
dependencies = [
 "cfg-if",
]

[[package]]
name = "pkg-config"
version = "0.3.25"
source = "registry+https://github.com/rust-lang/crates.io-index"
checksum = "1df8c4ec4b0627e53bdf214615ad287367e482558cf84b109250b37464dc03ae"

[[package]]
name = "proc-macro2"
version = "1.0.43"
source = "registry+https://github.com/rust-lang/crates.io-index"
checksum = "0a2ca2c61bc9f3d74d2886294ab7b9853abd9c1ad903a3ac7815c58989bb7bab"
dependencies = [
 "unicode-ident",
]

[[package]]
name = "quote"
version = "1.0.21"
source = "registry+https://github.com/rust-lang/crates.io-index"
checksum = "bbe448f377a7d6961e30f5955f9b8d106c3f5e449d493ee1b125c1d43c2b5179"
dependencies = [
 "proc-macro2",
]

[[package]]
name = "syn"
version = "1.0.99"
source = "registry+https://github.com/rust-lang/crates.io-index"
checksum = "58dbef6ec655055e20b86b15a8cc6d439cca19b667537ac6a1369572d151ab13"
dependencies = [
 "proc-macro2",
 "quote",
 "unicode-ident",
]

[[package]]
name = "thiserror"
version = "1.0.32"
source = "registry+https://github.com/rust-lang/crates.io-index"
checksum = "f5f6586b7f764adc0231f4c79be7b920e766bb2f3e51b3661cdb263828f19994"
dependencies = [
 "thiserror-impl",
]

[[package]]
name = "thiserror-impl"
version = "1.0.32"
source = "registry+https://github.com/rust-lang/crates.io-index"
checksum = "12bafc5b54507e0149cdf1b145a5d80ab80a90bcd9275df43d4fff68460f6c21"
dependencies = [
 "proc-macro2",
 "quote",
 "syn",
]

[[package]]
name = "unicode-ident"
version = "1.0.3"
source = "registry+https://github.com/rust-lang/crates.io-index"
checksum = "c4f5b37a154999a8f3f98cc23a628d850e154479cd94decf3414696e12e31aaf"

[[package]]
name = "vpx-encode"
version = "0.6.1"
source = "registry+https://github.com/rust-lang/crates.io-index"
checksum = "99e9ba69c250e1df392d20d7eb53eeaec815cd6baf7e591bc4bb3ed412af496b"
dependencies = [
 "env-libvpx-sys",
 "thiserror",
]

[[package]]
name = "webm"
version = "1.0.2"
source = "registry+https://github.com/rust-lang/crates.io-index"
checksum = "ecb047148a12ef1fd8ab26302bca7e82036f005c3073b48e17cc1b44ec577136"
dependencies = [
 "webm-sys",
]

[[package]]
name = "webm-resizer"
version = "0.1.0"
dependencies = [
 "ac-ffmpeg",
 "anyhow",
 "audiopus",
 "vpx-encode",
 "webm",
]

[[package]]
name = "webm-sys"
version = "1.0.3"
source = "registry+https://github.com/rust-lang/crates.io-index"
checksum = "0ded6ec82ccf51fe265b0b2b1579cac839574ed910c17baac58e807f8a9de7f3"
dependencies = [
 "cc",
]
